<Solution>
  <Project Path="PickleballGenie.Api/PickleballGenie.Api.csproj" />
  <Project Path="PickleballGenie.Data/PickleballGenie.Data.csproj" />
  <Project Path="PickleballGenie.Models/PickleballGenie.Models.csproj" />
  <Project Path="PickleballGenie.Scraper/PickleballGenie.Scraper.csproj" />
</Solution>
